// !$*UTF8*$!
{
	archiveVersion = 1;
	classes = {
	};
	objectVersion = 50;
	objects = {

/* Begin PBXBuildFile section */
		856F303B223044DC00AC8C77 /* AppDelegate.swift in Sources */ = {isa = PBXBuildFile; fileRef = 856F303A223044DC00AC8C77 /* AppDelegate.swift */; };
		856F303D223044DC00AC8C77 /* ViewController.swift in Sources */ = {isa = PBXBuildFile; fileRef = 856F303C223044DC00AC8C77 /* ViewController.swift */; };
		856F3040223044DC00AC8C77 /* Main.storyboard in Resources */ = {isa = PBXBuildFile; fileRef = 856F303E223044DC00AC8C77 /* Main.storyboard */; };
		856F3042223044DF00AC8C77 /* Assets.xcassets in Resources */ = {isa = PBXBuildFile; fileRef = 856F3041223044DF00AC8C77 /* Assets.xcassets */; };
		856F3045223044DF00AC8C77 /* LaunchScreen.storyboard in Resources */ = {isa = PBXBuildFile; fileRef = 856F3043223044DF00AC8C77 /* LaunchScreen.storyboard */; };
		856F304E2230457600AC8C77 /* PlayingCard.swift in Sources */ = {isa = PBXBuildFile; fileRef = 856F304D2230457600AC8C77 /* PlayingCard.swift */; };
		856F30502230490400AC8C77 /* PlayingCardDeck.swift in Sources */ = {isa = PBXBuildFile; fileRef = 856F304F2230490400AC8C77 /* PlayingCardDeck.swift */; };
		856F305222311ADF00AC8C77 /* PlayingCardView.swift in Sources */ = {isa = PBXBuildFile; fileRef = 856F305122311ADF00AC8C77 /* PlayingCardView.swift */; };
		85EA3BA42236CBC600A20D6B /* CardBehavior.swift in Sources */ = {isa = PBXBuildFile; fileRef = 85EA3BA32236CBC600A20D6B /* CardBehavior.swift */; };
/* End PBXBuildFile section */

/* Begin PBXFileReference section */
		856F3037223044DC00AC8C77 /* PlayingCard.app */ = {isa = PBXFileReference; explicitFileType = wrapper.application; includeInIndex = 0; path = PlayingCard.app; sourceTree = BUILT_PRODUCTS_DIR; };
		856F303A223044DC00AC8C77 /* AppDelegate.swift */ = {isa = PBXFileReference; lastKnownFileType = sourcecode.swift; path = AppDelegate.swift; sourceTree = "<group>"; };
		856F303C223044DC00AC8C77 /* ViewController.swift */ = {isa = PBXFileReference; lastKnownFileType = sourcecode.swift; path = ViewController.swift; sourceTree = "<group>"; };
		856F303F223044DC00AC8C77 /* Base */ = {isa = PBXFileReference; lastKnownFileType = file.storyboard; name = Base; path = Base.lproj/Main.storyboard; sourceTree = "<group>"; };
		856F3041223044DF00AC8C77 /* Assets.xcassets */ = {isa = PBXFileReference; lastKnownFileType = folder.assetcatalog; path = Assets.xcassets; sourceTree = "<group>"; };
		856F3044223044DF00AC8C77 /* Base */ = {isa = PBXFileReference; lastKnownFileType = file.storyboard; name = Base; path = Base.lproj/LaunchScreen.storyboard; sourceTree = "<group>"; };
		856F3046223044DF00AC8C77 /* Info.plist */ = {isa = PBXFileReference; lastKnownFileType = text.plist.xml; path = Info.plist; sourceTree = "<group>"; };
		856F304D2230457600AC8C77 /* PlayingCard.swift */ = {isa = PBXFileReference; lastKnownFileType = sourcecode.swift; path = PlayingCard.swift; sourceTree = "<group>"; };
		856F304F2230490400AC8C77 /* PlayingCardDeck.swift */ = {isa = PBXFileReference; lastKnownFileType = sourcecode.swift; path = PlayingCardDeck.swift; sourceTree = "<group>"; };
		856F305122311ADF00AC8C77 /* PlayingCardView.swift */ = {isa = PBXFileReference; lastKnownFileType = sourcecode.swift; path = PlayingCardView.swift; sourceTree = "<group>"; };
		85EA3BA32236CBC600A20D6B /* CardBehavior.swift */ = {isa = PBXFileReference; lastKnownFileType = sourcecode.swift; path = CardBehavior.swift; sourceTree = "<group>"; };
/* End PBXFileReference section */

/* Begin PBXFrameworksBuildPhase section */
		856F3034223044DC00AC8C77 /* Frameworks */ = {
			isa = PBXFrameworksBuildPhase;
			buildActionMask = 2147483647;
			files = (
			);
			runOnlyForDeploymentPostprocessing = 0;
		};
/* End PBXFrameworksBuildPhase section */

/* Begin PBXGroup section */
		856F302E223044DC00AC8C77 = {
			isa = PBXGroup;
			children = (
				856F3039223044DC00AC8C77 /* PlayingCard */,
				856F3038223044DC00AC8C77 /* Products */,
			);
			sourceTree = "<group>";
		};
		856F3038223044DC00AC8C77 /* Products */ = {
			isa = PBXGroup;
			children = (
				856F3037223044DC00AC8C77 /* PlayingCard.app */,
			);
			name = Products;
			sourceTree = "<group>";
		};
		856F3039223044DC00AC8C77 /* PlayingCard */ = {
			isa = PBXGroup;
			children = (
				85EA3BA222368F8800A20D6B /* Controller */,
				85EA3BA122368F8300A20D6B /* View */,
				85EA3BA022368F7900A20D6B /* Model */,
				856F3041223044DF00AC8C77 /* Assets.xcassets */,
				856F304C223044FF00AC8C77 /* Supporting Files */,
				856F3046223044DF00AC8C77 /* Info.plist */,
			);
			path = PlayingCard;
			sourceTree = "<group>";
		};
		856F304C223044FF00AC8C77 /* Supporting Files */ = {
			isa = PBXGroup;
			children = (
				856F303A223044DC00AC8C77 /* AppDelegate.swift */,
				856F3043223044DF00AC8C77 /* LaunchScreen.storyboard */,
			);
			path = "Supporting Files";
			sourceTree = "<group>";
		};
		85EA3BA022368F7900A20D6B /* Model */ = {
			isa = PBXGroup;
			children = (
				856F304F2230490400AC8C77 /* PlayingCardDeck.swift */,
				856F304D2230457600AC8C77 /* PlayingCard.swift */,
			);
			path = Model;
			sourceTree = "<group>";
		};
		85EA3BA122368F8300A20D6B /* View */ = {
			isa = PBXGroup;
			children = (
				856F303E223044DC00AC8C77 /* Main.storyboard */,
			);
			path = View;
			sourceTree = "<group>";
		};
		85EA3BA222368F8800A20D6B /* Controller */ = {
			isa = PBXGroup;
			children = (
				856F303C223044DC00AC8C77 /* ViewController.swift */,
				85EA3BA32236CBC600A20D6B /* CardBehavior.swift */,
				856F305122311ADF00AC8C77 /* PlayingCardView.swift */,
			);
			path = Controller;
			sourceTree = "<group>";
		};
/* End PBXGroup section */

/* Begin PBXNativeTarget section */
		856F3036223044DC00AC8C77 /* PlayingCard */ = {
			isa = PBXNativeTarget;
			buildConfigurationList = 856F3049223044DF00AC8C77 /* Build configuration list for PBXNativeTarget "PlayingCard" */;
			buildPhases = (
				856F3033223044DC00AC8C77 /* Sources */,
				856F3034223044DC00AC8C77 /* Frameworks */,
				856F3035223044DC00AC8C77 /* Resources */,
			);
			buildRules = (
			);
			dependencies = (
			);
			name = PlayingCard;
			productName = PlayingCard;
			productReference = 856F3037223044DC00AC8C77 /* PlayingCard.app */;
			productType = "com.apple.product-type.application";
		};
/* End PBXNativeTarget section */

/* Begin PBXProject section */
		856F302F223044DC00AC8C77 /* Project object */ = {
			isa = PBXProject;
			attributes = {
				LastSwiftUpdateCheck = 1010;
				LastUpgradeCheck = 1010;
				ORGANIZATIONNAME = "Stanislav Kozlov";
				TargetAttributes = {
					856F3036223044DC00AC8C77 = {
						CreatedOnToolsVersion = 10.1;
					};
				};
			};
			buildConfigurationList = 856F3032223044DC00AC8C77 /* Build configuration list for PBXProject "PlayingCard" */;
			compatibilityVersion = "Xcode 9.3";
			developmentRegion = en;
			hasScannedForEncodings = 0;
			knownRegions = (
				en,
				Base,
			);
			mainGroup = 856F302E223044DC00AC8C77;
			productRefGroup = 856F3038223044DC00AC8C77 /* Products */;
			projectDirPath = "";
			projectRoot = "";
			targets = (
				856F3036223044DC00AC8C77 /* PlayingCard */,
			);
		};
/* End PBXProject section */

/* Begin PBXResourcesBuildPhase section */
		856F3035223044DC00AC8C77 /* Resources */ = {
			isa = PBXResourcesBuildPhase;
			buildActionMask = 2147483647;
			files = (
				856F3045223044DF00AC8C77 /* LaunchScreen.storyboard in Resources */,
				856F3042223044DF00AC8C77 /* Assets.xcassets in Resources */,
				856F3040223044DC00AC8C77 /* Main.storyboard in Resources */,
			);
			runOnlyForDeploymentPostprocessing = 0;
		};
/* End PBXResourcesBuildPhase section */

/* Begin PBXSourcesBuildPhase section */
		856F3033223044DC00AC8C77 /* Sources */ = {
			isa = PBXSourcesBuildPhase;
			buildActionMask = 2147483647;
			files = (
				856F303D223044DC00AC8C77 /* ViewController.swift in Sources */,
				856F30502230490400AC8C77 /* PlayingCardDeck.swift in Sources */,
				856F304E2230457600AC8C77 /* PlayingCard.swift in Sources */,
				856F305222311ADF00AC8C77 /* PlayingCardView.swift in Sources */,
				856F303B223044DC00AC8C77 /* AppDelegate.swift in Sources */,
				85EA3BA42236CBC600A20D6B /* CardBehavior.swift in Sources */,
			);
			runOnlyForDeploymentPostprocessing = 0;
		};
/* End PBXSourcesBuildPhase section */

/* Begin PBXVariantGroup section */
		856F303E223044DC00AC8C77 /* Main.storyboard */ = {
			isa = PBXVariantGroup;
			children = (
				856F303F223044DC00AC8C77 /* Base */,
			);
			name = Main.storyboard;
			sourceTree = "<group>";
		};
		856F3043223044DF00AC8C77 /* LaunchScreen.storyboard */ = {
			isa = PBXVariantGroup;
			children = (
				856F3044223044DF00AC8C77 /* Base */,
			);
			name = LaunchScreen.storyboard;
			sourceTree = "<group>";
		};
/* End PBXVariantGroup section */

/* Begin XCBuildConfiguration section */
		856F3047223044DF00AC8C77 /* Debug */ = {
			isa = XCBuildConfiguration;
			buildSettings = {
				ALWAYS_SEARCH_USER_PATHS = NO;
				CLANG_ANALYZER_NONNULL = YES;
				CLANG_ANALYZER_NUMBER_OBJECT_CONVERSION = YES_AGGRESSIVE;
				CLANG_CXX_LANGUAGE_STANDARD = "gnu++14";
				CLANG_CXX_LIBRARY = "libc++";
				CLANG_ENABLE_MODULES = YES;
				CLANG_ENABLE_OBJC_ARC = YES;
				CLANG_ENABLE_OBJC_WEAK = YES;
				CLANG_WARN_BLOCK_CAPTURE_AUTORELEASING = YES;
				CLANG_WARN_BOOL_CONVERSION = YES;
				CLANG_WARN_COMMA = YES;
				CLANG_WARN_CONSTANT_CONVERSION = YES;
				CLANG_WARN_DEPRECATED_OBJC_IMPLEMENTATIONS = YES;
				CLANG_WARN_DIRECT_OBJC_ISA_USAGE = YES_ERROR;
				CLANG_WARN_DOCUMENTATION_COMMENTS = YES;
				CLANG_WARN_EMPTY_BODY = YES;
				CLANG_WARN_ENUM_CONVERSION = YES;
				CLANG_WARN_INFINITE_RECURSION = YES;
				CLANG_WARN_INT_CONVERSION = YES;
				CLANG_WARN_NON_LITERAL_NULL_CONVERSION = YES;
				CLANG_WARN_OBJC_IMPLICIT_RETAIN_SELF = YES;
				CLANG_WARN_OBJC_LITERAL_CONVERSION = YES;
				CLANG_WARN_OBJC_ROOT_CLASS = YES_ERROR;
				CLANG_WARN_RANGE_LOOP_ANALYSIS = YES;
				CLANG_WARN_STRICT_PROTOTYPES = YES;
				CLANG_WARN_SUSPICIOUS_MOVE = YES;
				CLANG_WARN_UNGUARDED_AVAILABILITY = YES_AGGRESSIVE;
				CLANG_WARN_UNREACHABLE_CODE = YES;
				CLANG_WARN__DUPLICATE_METHOD_MATCH = YES;
				CODE_SIGN_IDENTITY = "iPhone Developer";
				COPY_PHASE_STRIP = NO;
				DEBUG_INFORMATION_FORMAT = dwarf;
				ENABLE_STRICT_OBJC_MSGSEND = YES;
				ENABLE_TESTABILITY = YES;
				GCC_C_LANGUAGE_STANDARD = gnu11;
				GCC_DYNAMIC_NO_PIC = NO;
				GCC_NO_COMMON_BLOCKS = YES;
				GCC_OPTIMIZATION_LEVEL = 0;
				GCC_PREPROCESSOR_DEFINITIONS = (
					"DEBUG=1",
					"$(inherited)",
				);
				GCC_WARN_64_TO_32_BIT_CONVERSION = YES;
				GCC_WARN_ABOUT_RETURN_TYPE = YES_ERROR;
				GCC_WARN_UNDECLARED_SELECTOR = YES;
				GCC_WARN_UNINITIALIZED_AUTOS = YES_AGGRESSIVE;
				GCC_WARN_UNUSED_FUNCTION = YES;
				GCC_WARN_UNUSED_VARIABLE = YES;
				IPHONEOS_DEPLOYMENT_TARGET = 12.1;
				MTL_ENABLE_DEBUG_INFO = INCLUDE_SOURCE;
				MTL_FAST_MATH = YES;
				ONLY_ACTIVE_ARCH = YES;
				SDKROOT = iphoneos;
				SWIFT_ACTIVE_COMPILATION_CONDITIONS = DEBUG;
				SWIFT_OPTIMIZATION_LEVEL = "-Onone";
			};
			name = Debug;
		};
		856F3048223044DF00AC8C77 /* Release */ = {
			isa = XCBuildConfiguration;
			buildSettings = {
				ALWAYS_SEARCH_USER_PATHS = NO;
				CLANG_ANALYZER_NONNULL = YES;
				CLANG_ANALYZER_NUMBER_OBJECT_CONVERSION = YES_AGGRESSIVE;
				CLANG_CXX_LANGUAGE_STANDARD = "gnu++14";
				CLANG_CXX_LIBRARY = "libc++";
				CLANG_ENABLE_MODULES = YES;
				CLANG_ENABLE_OBJC_ARC = YES;
				CLANG_ENABLE_OBJC_WEAK = YES;
				CLANG_WARN_BLOCK_CAPTURE_AUTORELEASING = YES;
				CLANG_WARN_BOOL_CONVERSION = YES;
				CLANG_WARN_COMMA = YES;
				CLANG_WARN_CONSTANT_CONVERSION = YES;
				CLANG_WARN_DEPRECATED_OBJC_IMPLEMENTATIONS = YES;
				CLANG_WARN_DIRECT_OBJC_ISA_USAGE = YES_ERROR;
				CLANG_WARN_DOCUMENTATION_COMMENTS = YES;
				CLANG_WARN_EMPTY_BODY = YES;
				CLANG_WARN_ENUM_CONVERSION = YES;
				CLANG_WARN_INFINITE_RECURSION = YES;
				CLANG_WARN_INT_CONVERSION = YES;
				CLANG_WARN_NON_LITERAL_NULL_CONVERSION = YES;
				CLANG_WARN_OBJC_IMPLICIT_RETAIN_SELF = YES;
				CLANG_WARN_OBJC_LITERAL_CONVERSION = YES;
				CLANG_WARN_OBJC_ROOT_CLASS = YES_ERROR;
				CLANG_WARN_RANGE_LOOP_ANALYSIS = YES;
				CLANG_WARN_STRICT_PROTOTYPES = YES;
				CLANG_WARN_SUSPICIOUS_MOVE = YES;
				CLANG_WARN_UNGUARDED_AVAILABILITY = YES_AGGRESSIVE;
				CLANG_WARN_UNREACHABLE_CODE = YES;
				CLANG_WARN__DUPLICATE_METHOD_MATCH = YES;
				CODE_SIGN_IDENTITY = "iPhone Developer";
				COPY_PHASE_STRIP = NO;
				DEBUG_INFORMATION_FORMAT = "dwarf-with-dsym";
				ENABLE_NS_ASSERTIONS = NO;
				ENABLE_STRICT_OBJC_MSGSEND = YES;
				GCC_C_LANGUAGE_STANDARD = gnu11;
				GCC_NO_COMMON_BLOCKS = YES;
				GCC_WARN_64_TO_32_BIT_CONVERSION = YES;
				GCC_WARN_ABOUT_RETURN_TYPE = YES_ERROR;
				GCC_WARN_UNDECLARED_SELECTOR = YES;
				GCC_WARN_UNINITIALIZED_AUTOS = YES_AGGRESSIVE;
				GCC_WARN_UNUSED_FUNCTION = YES;
				GCC_WARN_UNUSED_VARIABLE = YES;
				IPHONEOS_DEPLOYMENT_TARGET = 12.1;
				MTL_ENABLE_DEBUG_INFO = NO;
				MTL_FAST_MATH = YES;
				SDKROOT = iphoneos;
				SWIFT_COMPILATION_MODE = wholemodule;
				SWIFT_OPTIMIZATION_LEVEL = "-O";
				VALIDATE_PRODUCT = YES;
			};
			name = Release;
		};
		856F304A223044DF00AC8C77 /* Debug */ = {
			isa = XCBuildConfiguration;
			buildSettings = {
				ASSETCATALOG_COMPILER_APPICON_NAME = AppIcon;
				CODE_SIGN_STYLE = Automatic;
				DEVELOPMENT_TEAM = M7X82K2M45;
				INFOPLIST_FILE = PlayingCard/Info.plist;
				LD_RUNPATH_SEARCH_PATHS = (
					"$(inherited)",
					"@executable_path/Frameworks",
				);
				PRODUCT_BUNDLE_IDENTIFIER = com.bleymy.PlayingCard;
				PRODUCT_NAME = "$(TARGET_NAME)";
				SWIFT_VERSION = 4.2;
				TARGETED_DEVICE_FAMILY = "1,2";
			};
			name = Debug;
		};
		856F304B223044DF00AC8C77 /* Release */ = {
			isa = XCBuildConfiguration;
			buildSettings = {
				ASSETCATALOG_COMPILER_APPICON_NAME = AppIcon;
				CODE_SIGN_STYLE = Automatic;
				DEVELOPMENT_TEAM = M7X82K2M45;
				INFOPLIST_FILE = PlayingCard/Info.plist;
				LD_RUNPATH_SEARCH_PATHS = (
					"$(inherited)",
					"@executable_path/Frameworks",
				);
				PRODUCT_BUNDLE_IDENTIFIER = com.bleymy.PlayingCard;
				PRODUCT_NAME = "$(TARGET_NAME)";
				SWIFT_VERSION = 4.2;
				TARGETED_DEVICE_FAMILY = "1,2";
			};
			name = Release;
		};
/* End XCBuildConfiguration section */

/* Begin XCConfigurationList section */
		856F3032223044DC00AC8C77 /* Build configuration list for PBXProject "PlayingCard" */ = {
			isa = XCConfigurationList;
			buildConfigurations = (
				856F3047223044DF00AC8C77 /* Debug */,
				856F3048223044DF00AC8C77 /* Release */,
			);
			defaultConfigurationIsVisible = 0;
			defaultConfigurationName = Release;
		};
		856F3049223044DF00AC8C77 /* Build configuration list for PBXNativeTarget "PlayingCard" */ = {
			isa = XCConfigurationList;
			buildConfigurations = (
				856F304A223044DF00AC8C77 /* Debug */,
				856F304B223044DF00AC8C77 /* Release */,
			);
			defaultConfigurationIsVisible = 0;
			defaultConfigurationName = Release;
		};
/* End XCConfigurationList section */
	};
	rootObject = 856F302F223044DC00AC8C77 /* Project object */;
}
